// !$*UTF8*$!
{
	archiveVersion = 1;
	classes = {
	};
	objectVersion = 55;
	objects = {

/* Begin PBXBuildFile section */
		B1D0BC7827288B3F0089C05E /* Root4FloridaApp.swift in Sources */ = {isa = PBXBuildFile; fileRef = B1D0BC7727288B3F0089C05E /* Root4FloridaApp.swift */; };
		B1D0BC7A27288B3F0089C05E /* ContentView.swift in Sources */ = {isa = PBXBuildFile; fileRef = B1D0BC7927288B3F0089C05E /* ContentView.swift */; };
		B1D0BC7C27288B400089C05E /* Assets.xcassets in Resources */ = {isa = PBXBuildFile; fileRef = B1D0BC7B27288B400089C05E /* Assets.xcassets */; };
		B1D0BC7F27288B400089C05E /* Preview Assets.xcassets in Resources */ = {isa = PBXBuildFile; fileRef = B1D0BC7E27288B400089C05E /* Preview Assets.xcassets */; };
		B1D0BC8927288B410089C05E /* Root4FloridaTests.swift in Sources */ = {isa = PBXBuildFile; fileRef = B1D0BC8827288B410089C05E /* Root4FloridaTests.swift */; };
		B1D0BC9327288B410089C05E /* Root4FloridaUITests.swift in Sources */ = {isa = PBXBuildFile; fileRef = B1D0BC9227288B410089C05E /* Root4FloridaUITests.swift */; };
		B1D0BC9527288B410089C05E /* Root4FloridaUITestsLaunchTests.swift in Sources */ = {isa = PBXBuildFile; fileRef = B1D0BC9427288B410089C05E /* Root4FloridaUITestsLaunchTests.swift */; };
		B1D0BCA327288B9D0089C05E /* SwiftyJSON.swift in Sources */ = {isa = PBXBuildFile; fileRef = B1D0BCA227288B9D0089C05E /* SwiftyJSON.swift */; };
		B1D0BCA527288BC80089C05E /* Zone.swift in Sources */ = {isa = PBXBuildFile; fileRef = B1D0BCA427288BC80089C05E /* Zone.swift */; };
		B1D0BCA727288BFC0089C05E /* Plant.swift in Sources */ = {isa = PBXBuildFile; fileRef = B1D0BCA627288BFC0089C05E /* Plant.swift */; };
/* End PBXBuildFile section */

/* Begin PBXContainerItemProxy section */
		B1D0BC8527288B410089C05E /* PBXContainerItemProxy */ = {
			isa = PBXContainerItemProxy;
			containerPortal = B1D0BC6C27288B3F0089C05E /* Project object */;
			proxyType = 1;
			remoteGlobalIDString = B1D0BC7327288B3F0089C05E;
			remoteInfo = Root4Florida;
		};
		B1D0BC8F27288B410089C05E /* PBXContainerItemProxy */ = {
			isa = PBXContainerItemProxy;
			containerPortal = B1D0BC6C27288B3F0089C05E /* Project object */;
			proxyType = 1;
			remoteGlobalIDString = B1D0BC7327288B3F0089C05E;
			remoteInfo = Root4Florida;
		};
/* End PBXContainerItemProxy section */

/* Begin PBXFileReference section */
		B1D0BC7427288B3F0089C05E /* Root4Florida.app */ = {isa = PBXFileReference; explicitFileType = wrapper.application; includeInIndex = 0; path = Root4Florida.app; sourceTree = BUILT_PRODUCTS_DIR; };
		B1D0BC7727288B3F0089C05E /* Root4FloridaApp.swift */ = {isa = PBXFileReference; lastKnownFileType = sourcecode.swift; path = Root4FloridaApp.swift; sourceTree = "<group>"; };
		B1D0BC7927288B3F0089C05E /* ContentView.swift */ = {isa = PBXFileReference; lastKnownFileType = sourcecode.swift; path = ContentView.swift; sourceTree = "<group>"; };
		B1D0BC7B27288B400089C05E /* Assets.xcassets */ = {isa = PBXFileReference; lastKnownFileType = folder.assetcatalog; path = Assets.xcassets; sourceTree = "<group>"; };
		B1D0BC7E27288B400089C05E /* Preview Assets.xcassets */ = {isa = PBXFileReference; lastKnownFileType = folder.assetcatalog; path = "Preview Assets.xcassets"; sourceTree = "<group>"; };
		B1D0BC8427288B410089C05E /* Root4FloridaTests.xctest */ = {isa = PBXFileReference; explicitFileType = wrapper.cfbundle; includeInIndex = 0; path = Root4FloridaTests.xctest; sourceTree = BUILT_PRODUCTS_DIR; };
		B1D0BC8827288B410089C05E /* Root4FloridaTests.swift */ = {isa = PBXFileReference; lastKnownFileType = sourcecode.swift; path = Root4FloridaTests.swift; sourceTree = "<group>"; };
		B1D0BC8E27288B410089C05E /* Root4FloridaUITests.xctest */ = {isa = PBXFileReference; explicitFileType = wrapper.cfbundle; includeInIndex = 0; path = Root4FloridaUITests.xctest; sourceTree = BUILT_PRODUCTS_DIR; };
		B1D0BC9227288B410089C05E /* Root4FloridaUITests.swift */ = {isa = PBXFileReference; lastKnownFileType = sourcecode.swift; path = Root4FloridaUITests.swift; sourceTree = "<group>"; };
		B1D0BC9427288B410089C05E /* Root4FloridaUITestsLaunchTests.swift */ = {isa = PBXFileReference; lastKnownFileType = sourcecode.swift; path = Root4FloridaUITestsLaunchTests.swift; sourceTree = "<group>"; };
		B1D0BCA227288B9D0089C05E /* SwiftyJSON.swift */ = {isa = PBXFileReference; fileEncoding = 4; lastKnownFileType = sourcecode.swift; name = SwiftyJSON.swift; path = ../../../../../Desktop/JoBFloridaClimate/dependencies/SwiftyJSON.swift; sourceTree = "<group>"; };
		B1D0BCA427288BC80089C05E /* Zone.swift */ = {isa = PBXFileReference; lastKnownFileType = sourcecode.swift; path = Zone.swift; sourceTree = "<group>"; };
		B1D0BCA627288BFC0089C05E /* Plant.swift */ = {isa = PBXFileReference; lastKnownFileType = sourcecode.swift; path = Plant.swift; sourceTree = "<group>"; };
/* End PBXFileReference section */

/* Begin PBXFrameworksBuildPhase section */
		B1D0BC7127288B3F0089C05E /* Frameworks */ = {
			isa = PBXFrameworksBuildPhase;
			buildActionMask = 2147483647;
			files = (
			);
			runOnlyForDeploymentPostprocessing = 0;
		};
		B1D0BC8127288B410089C05E /* Frameworks */ = {
			isa = PBXFrameworksBuildPhase;
			buildActionMask = 2147483647;
			files = (
			);
			runOnlyForDeploymentPostprocessing = 0;
		};
		B1D0BC8B27288B410089C05E /* Frameworks */ = {
			isa = PBXFrameworksBuildPhase;
			buildActionMask = 2147483647;
			files = (
			);
			runOnlyForDeploymentPostprocessing = 0;
		};
/* End PBXFrameworksBuildPhase section */

/* Begin PBXGroup section */
		B1D0BC6B27288B3F0089C05E = {
			isa = PBXGroup;
			children = (
				B1D0BCA127288B8B0089C05E /* dependencies */,
				B1D0BC7627288B3F0089C05E /* Root4Florida */,
				B1D0BC8727288B410089C05E /* Root4FloridaTests */,
				B1D0BC9127288B410089C05E /* Root4FloridaUITests */,
				B1D0BC7527288B3F0089C05E /* Products */,
			);
			sourceTree = "<group>";
		};
		B1D0BC7527288B3F0089C05E /* Products */ = {
			isa = PBXGroup;
			children = (
				B1D0BC7427288B3F0089C05E /* Root4Florida.app */,
				B1D0BC8427288B410089C05E /* Root4FloridaTests.xctest */,
				B1D0BC8E27288B410089C05E /* Root4FloridaUITests.xctest */,
			);
			name = Products;
			sourceTree = "<group>";
		};
		B1D0BC7627288B3F0089C05E /* Root4Florida */ = {
			isa = PBXGroup;
			children = (
				B1D0BCA627288BFC0089C05E /* Plant.swift */,
				B1D0BCA427288BC80089C05E /* Zone.swift */,
				B1D0BC7727288B3F0089C05E /* Root4FloridaApp.swift */,
				B1D0BC7927288B3F0089C05E /* ContentView.swift */,
				B1D0BC7B27288B400089C05E /* Assets.xcassets */,
				B1D0BC7D27288B400089C05E /* Preview Content */,
			);
			path = Root4Florida;
			sourceTree = "<group>";
		};
		B1D0BC7D27288B400089C05E /* Preview Content */ = {
			isa = PBXGroup;
			children = (
				B1D0BC7E27288B400089C05E /* Preview Assets.xcassets */,
			);
			path = "Preview Content";
			sourceTree = "<group>";
		};
		B1D0BC8727288B410089C05E /* Root4FloridaTests */ = {
			isa = PBXGroup;
			children = (
				B1D0BC8827288B410089C05E /* Root4FloridaTests.swift */,
			);
			path = Root4FloridaTests;
			sourceTree = "<group>";
		};
		B1D0BC9127288B410089C05E /* Root4FloridaUITests */ = {
			isa = PBXGroup;
			children = (
				B1D0BC9227288B410089C05E /* Root4FloridaUITests.swift */,
				B1D0BC9427288B410089C05E /* Root4FloridaUITestsLaunchTests.swift */,
			);
			path = Root4FloridaUITests;
			sourceTree = "<group>";
		};
		B1D0BCA127288B8B0089C05E /* dependencies */ = {
			isa = PBXGroup;
			children = (
				B1D0BCA227288B9D0089C05E /* SwiftyJSON.swift */,
			);
			path = dependencies;
			sourceTree = "<group>";
		};
/* End PBXGroup section */

/* Begin PBXNativeTarget section */
		B1D0BC7327288B3F0089C05E /* Root4Florida */ = {
			isa = PBXNativeTarget;
			buildConfigurationList = B1D0BC9827288B410089C05E /* Build configuration list for PBXNativeTarget "Root4Florida" */;
			buildPhases = (
				B1D0BC7027288B3F0089C05E /* Sources */,
				B1D0BC7127288B3F0089C05E /* Frameworks */,
				B1D0BC7227288B3F0089C05E /* Resources */,
			);
			buildRules = (
			);
			dependencies = (
			);
			name = Root4Florida;
			productName = Root4Florida;
			productReference = B1D0BC7427288B3F0089C05E /* Root4Florida.app */;
			productType = "com.apple.product-type.application";
		};
		B1D0BC8327288B410089C05E /* Root4FloridaTests */ = {
			isa = PBXNativeTarget;
			buildConfigurationList = B1D0BC9B27288B410089C05E /* Build configuration list for PBXNativeTarget "Root4FloridaTests" */;
			buildPhases = (
				B1D0BC8027288B410089C05E /* Sources */,
				B1D0BC8127288B410089C05E /* Frameworks */,
				B1D0BC8227288B410089C05E /* Resources */,
			);
			buildRules = (
			);
			dependencies = (
				B1D0BC8627288B410089C05E /* PBXTargetDependency */,
			);
			name = Root4FloridaTests;
			productName = Root4FloridaTests;
			productReference = B1D0BC8427288B410089C05E /* Root4FloridaTests.xctest */;
			productType = "com.apple.product-type.bundle.unit-test";
		};
		B1D0BC8D27288B410089C05E /* Root4FloridaUITests */ = {
			isa = PBXNativeTarget;
			buildConfigurationList = B1D0BC9E27288B410089C05E /* Build configuration list for PBXNativeTarget "Root4FloridaUITests" */;
			buildPhases = (
				B1D0BC8A27288B410089C05E /* Sources */,
				B1D0BC8B27288B410089C05E /* Frameworks */,
				B1D0BC8C27288B410089C05E /* Resources */,
			);
			buildRules = (
			);
			dependencies = (
				B1D0BC9027288B410089C05E /* PBXTargetDependency */,
			);
			name = Root4FloridaUITests;
			productName = Root4FloridaUITests;
			productReference = B1D0BC8E27288B410089C05E /* Root4FloridaUITests.xctest */;
			productType = "com.apple.product-type.bundle.ui-testing";
		};
/* End PBXNativeTarget section */

/* Begin PBXProject section */
		B1D0BC6C27288B3F0089C05E /* Project object */ = {
			isa = PBXProject;
			attributes = {
				BuildIndependentTargetsInParallel = 1;
				LastSwiftUpdateCheck = 1310;
				LastUpgradeCheck = 1310;
				TargetAttributes = {
					B1D0BC7327288B3F0089C05E = {
						CreatedOnToolsVersion = 13.1;
					};
					B1D0BC8327288B410089C05E = {
						CreatedOnToolsVersion = 13.1;
						TestTargetID = B1D0BC7327288B3F0089C05E;
					};
					B1D0BC8D27288B410089C05E = {
						CreatedOnToolsVersion = 13.1;
						TestTargetID = B1D0BC7327288B3F0089C05E;
					};
				};
			};
			buildConfigurationList = B1D0BC6F27288B3F0089C05E /* Build configuration list for PBXProject "Root4Florida" */;
			compatibilityVersion = "Xcode 13.0";
			developmentRegion = en;
			hasScannedForEncodings = 0;
			knownRegions = (
				en,
				Base,
			);
			mainGroup = B1D0BC6B27288B3F0089C05E;
			productRefGroup = B1D0BC7527288B3F0089C05E /* Products */;
			projectDirPath = "";
			projectRoot = "";
			targets = (
				B1D0BC7327288B3F0089C05E /* Root4Florida */,
				B1D0BC8327288B410089C05E /* Root4FloridaTests */,
				B1D0BC8D27288B410089C05E /* Root4FloridaUITests */,
			);
		};
/* End PBXProject section */

/* Begin PBXResourcesBuildPhase section */
		B1D0BC7227288B3F0089C05E /* Resources */ = {
			isa = PBXResourcesBuildPhase;
			buildActionMask = 2147483647;
			files = (
				B1D0BC7F27288B400089C05E /* Preview Assets.xcassets in Resources */,
				B1D0BC7C27288B400089C05E /* Assets.xcassets in Resources */,
			);
			runOnlyForDeploymentPostprocessing = 0;
		};
		B1D0BC8227288B410089C05E /* Resources */ = {
			isa = PBXResourcesBuildPhase;
			buildActionMask = 2147483647;
			files = (
			);
			runOnlyForDeploymentPostprocessing = 0;
		};
		B1D0BC8C27288B410089C05E /* Resources */ = {
			isa = PBXResourcesBuildPhase;
			buildActionMask = 2147483647;
			files = (
			);
			runOnlyForDeploymentPostprocessing = 0;
		};
/* End PBXResourcesBuildPhase section */

/* Begin PBXSourcesBuildPhase section */
		B1D0BC7027288B3F0089C05E /* Sources */ = {
			isa = PBXSourcesBuildPhase;
			buildActionMask = 2147483647;
			files = (
				B1D0BCA327288B9D0089C05E /* SwiftyJSON.swift in Sources */,
				B1D0BCA527288BC80089C05E /* Zone.swift in Sources */,
				B1D0BCA727288BFC0089C05E /* Plant.swift in Sources */,
				B1D0BC7A27288B3F0089C05E /* ContentView.swift in Sources */,
				B1D0BC7827288B3F0089C05E /* Root4FloridaApp.swift in Sources */,
			);
			runOnlyForDeploymentPostprocessing = 0;
		};
		B1D0BC8027288B410089C05E /* Sources */ = {
			isa = PBXSourcesBuildPhase;
			buildActionMask = 2147483647;
			files = (
				B1D0BC8927288B410089C05E /* Root4FloridaTests.swift in Sources */,
			);
			runOnlyForDeploymentPostprocessing = 0;
		};
		B1D0BC8A27288B410089C05E /* Sources */ = {
			isa = PBXSourcesBuildPhase;
			buildActionMask = 2147483647;
			files = (
				B1D0BC9327288B410089C05E /* Root4FloridaUITests.swift in Sources */,
				B1D0BC9527288B410089C05E /* Root4FloridaUITestsLaunchTests.swift in Sources */,
			);
			runOnlyForDeploymentPostprocessing = 0;
		};
/* End PBXSourcesBuildPhase section */

/* Begin PBXTargetDependency section */
		B1D0BC8627288B410089C05E /* PBXTargetDependency */ = {
			isa = PBXTargetDependency;
			target = B1D0BC7327288B3F0089C05E /* Root4Florida */;
			targetProxy = B1D0BC8527288B410089C05E /* PBXContainerItemProxy */;
		};
		B1D0BC9027288B410089C05E /* PBXTargetDependency */ = {
			isa = PBXTargetDependency;
			target = B1D0BC7327288B3F0089C05E /* Root4Florida */;
			targetProxy = B1D0BC8F27288B410089C05E /* PBXContainerItemProxy */;
		};
/* End PBXTargetDependency section */

/* Begin XCBuildConfiguration section */
		B1D0BC9627288B410089C05E /* Debug */ = {
			isa = XCBuildConfiguration;
			buildSettings = {
				ALWAYS_SEARCH_USER_PATHS = NO;
				CLANG_ANALYZER_NONNULL = YES;
				CLANG_ANALYZER_NUMBER_OBJECT_CONVERSION = YES_AGGRESSIVE;
				CLANG_CXX_LANGUAGE_STANDARD = "gnu++17";
				CLANG_CXX_LIBRARY = "libc++";
				CLANG_ENABLE_MODULES = YES;
				CLANG_ENABLE_OBJC_ARC = YES;
				CLANG_ENABLE_OBJC_WEAK = YES;
				CLANG_WARN_BLOCK_CAPTURE_AUTORELEASING = YES;
				CLANG_WARN_BOOL_CONVERSION = YES;
				CLANG_WARN_COMMA = YES;
				CLANG_WARN_CONSTANT_CONVERSION = YES;
				CLANG_WARN_DEPRECATED_OBJC_IMPLEMENTATIONS = YES;
				CLANG_WARN_DIRECT_OBJC_ISA_USAGE = YES_ERROR;
				CLANG_WARN_DOCUMENTATION_COMMENTS = YES;
				CLANG_WARN_EMPTY_BODY = YES;
				CLANG_WARN_ENUM_CONVERSION = YES;
				CLANG_WARN_INFINITE_RECURSION = YES;
				CLANG_WARN_INT_CONVERSION = YES;
				CLANG_WARN_NON_LITERAL_NULL_CONVERSION = YES;
				CLANG_WARN_OBJC_IMPLICIT_RETAIN_SELF = YES;
				CLANG_WARN_OBJC_LITERAL_CONVERSION = YES;
				CLANG_WARN_OBJC_ROOT_CLASS = YES_ERROR;
				CLANG_WARN_QUOTED_INCLUDE_IN_FRAMEWORK_HEADER = YES;
				CLANG_WARN_RANGE_LOOP_ANALYSIS = YES;
				CLANG_WARN_STRICT_PROTOTYPES = YES;
				CLANG_WARN_SUSPICIOUS_MOVE = YES;
				CLANG_WARN_UNGUARDED_AVAILABILITY = YES_AGGRESSIVE;
				CLANG_WARN_UNREACHABLE_CODE = YES;
				CLANG_WARN__DUPLICATE_METHOD_MATCH = YES;
				COPY_PHASE_STRIP = NO;
				DEBUG_INFORMATION_FORMAT = dwarf;
				ENABLE_STRICT_OBJC_MSGSEND = YES;
				ENABLE_TESTABILITY = YES;
				GCC_C_LANGUAGE_STANDARD = gnu11;
				GCC_DYNAMIC_NO_PIC = NO;
				GCC_NO_COMMON_BLOCKS = YES;
				GCC_OPTIMIZATION_LEVEL = 0;
				GCC_PREPROCESSOR_DEFINITIONS = (
					"DEBUG=1",
					"$(inherited)",
				);
				GCC_WARN_64_TO_32_BIT_CONVERSION = YES;
				GCC_WARN_ABOUT_RETURN_TYPE = YES_ERROR;
				GCC_WARN_UNDECLARED_SELECTOR = YES;
				GCC_WARN_UNINITIALIZED_AUTOS = YES_AGGRESSIVE;
				GCC_WARN_UNUSED_FUNCTION = YES;
				GCC_WARN_UNUSED_VARIABLE = YES;
				IPHONEOS_DEPLOYMENT_TARGET = 15.0;
				MTL_ENABLE_DEBUG_INFO = INCLUDE_SOURCE;
				MTL_FAST_MATH = YES;
				ONLY_ACTIVE_ARCH = YES;
				SDKROOT = iphoneos;
				SWIFT_ACTIVE_COMPILATION_CONDITIONS = DEBUG;
				SWIFT_OPTIMIZATION_LEVEL = "-Onone";
			};
			name = Debug;
		};
		B1D0BC9727288B410089C05E /* Release */ = {
			isa = XCBuildConfiguration;
			buildSettings = {
				ALWAYS_SEARCH_USER_PATHS = NO;
				CLANG_ANALYZER_NONNULL = YES;
				CLANG_ANALYZER_NUMBER_OBJECT_CONVERSION = YES_AGGRESSIVE;
				CLANG_CXX_LANGUAGE_STANDARD = "gnu++17";
				CLANG_CXX_LIBRARY = "libc++";
				CLANG_ENABLE_MODULES = YES;
				CLANG_ENABLE_OBJC_ARC = YES;
				CLANG_ENABLE_OBJC_WEAK = YES;
				CLANG_WARN_BLOCK_CAPTURE_AUTORELEASING = YES;
				CLANG_WARN_BOOL_CONVERSION = YES;
				CLANG_WARN_COMMA = YES;
				CLANG_WARN_CONSTANT_CONVERSION = YES;
				CLANG_WARN_DEPRECATED_OBJC_IMPLEMENTATIONS = YES;
				CLANG_WARN_DIRECT_OBJC_ISA_USAGE = YES_ERROR;
				CLANG_WARN_DOCUMENTATION_COMMENTS = YES;
				CLANG_WARN_EMPTY_BODY = YES;
				CLANG_WARN_ENUM_CONVERSION = YES;
				CLANG_WARN_INFINITE_RECURSION = YES;
				CLANG_WARN_INT_CONVERSION = YES;
				CLANG_WARN_NON_LITERAL_NULL_CONVERSION = YES;
				CLANG_WARN_OBJC_IMPLICIT_RETAIN_SELF = YES;
				CLANG_WARN_OBJC_LITERAL_CONVERSION = YES;
				CLANG_WARN_OBJC_ROOT_CLASS = YES_ERROR;
				CLANG_WARN_QUOTED_INCLUDE_IN_FRAMEWORK_HEADER = YES;
				CLANG_WARN_RANGE_LOOP_ANALYSIS = YES;
				CLANG_WARN_STRICT_PROTOTYPES = YES;
				CLANG_WARN_SUSPICIOUS_MOVE = YES;
				CLANG_WARN_UNGUARDED_AVAILABILITY = YES_AGGRESSIVE;
				CLANG_WARN_UNREACHABLE_CODE = YES;
				CLANG_WARN__DUPLICATE_METHOD_MATCH = YES;
				COPY_PHASE_STRIP = NO;
				DEBUG_INFORMATION_FORMAT = "dwarf-with-dsym";
				ENABLE_NS_ASSERTIONS = NO;
				ENABLE_STRICT_OBJC_MSGSEND = YES;
				GCC_C_LANGUAGE_STANDARD = gnu11;
				GCC_NO_COMMON_BLOCKS = YES;
				GCC_WARN_64_TO_32_BIT_CONVERSION = YES;
				GCC_WARN_ABOUT_RETURN_TYPE = YES_ERROR;
				GCC_WARN_UNDECLARED_SELECTOR = YES;
				GCC_WARN_UNINITIALIZED_AUTOS = YES_AGGRESSIVE;
				GCC_WARN_UNUSED_FUNCTION = YES;
				GCC_WARN_UNUSED_VARIABLE = YES;
				IPHONEOS_DEPLOYMENT_TARGET = 15.0;
				MTL_ENABLE_DEBUG_INFO = NO;
				MTL_FAST_MATH = YES;
				SDKROOT = iphoneos;
				SWIFT_COMPILATION_MODE = wholemodule;
				SWIFT_OPTIMIZATION_LEVEL = "-O";
				VALIDATE_PRODUCT = YES;
			};
			name = Release;
		};
		B1D0BC9927288B410089C05E /* Debug */ = {
			isa = XCBuildConfiguration;
			buildSettings = {
				ASSETCATALOG_COMPILER_APPICON_NAME = AppIcon;
				ASSETCATALOG_COMPILER_GLOBAL_ACCENT_COLOR_NAME = AccentColor;
				CODE_SIGN_STYLE = Automatic;
				CURRENT_PROJECT_VERSION = 1;
				DEVELOPMENT_ASSET_PATHS = "\"Root4Florida/Preview Content\"";
				ENABLE_PREVIEWS = YES;
				GENERATE_INFOPLIST_FILE = YES;
				INFOPLIST_KEY_UIApplicationSceneManifest_Generation = YES;
				INFOPLIST_KEY_UIApplicationSupportsIndirectInputEvents = YES;
				INFOPLIST_KEY_UILaunchScreen_Generation = YES;
				INFOPLIST_KEY_UISupportedInterfaceOrientations_iPad = "UIInterfaceOrientationPortrait UIInterfaceOrientationPortraitUpsideDown UIInterfaceOrientationLandscapeLeft UIInterfaceOrientationLandscapeRight";
				INFOPLIST_KEY_UISupportedInterfaceOrientations_iPhone = "UIInterfaceOrientationPortrait UIInterfaceOrientationLandscapeLeft UIInterfaceOrientationLandscapeRight";
				LD_RUNPATH_SEARCH_PATHS = (
					"$(inherited)",
					"@executable_path/Frameworks",
				);
				MARKETING_VERSION = 1.0;
				PRODUCT_BUNDLE_IDENTIFIER = "-1250..Root4Florida";
				PRODUCT_NAME = "$(TARGET_NAME)";
				SWIFT_EMIT_LOC_STRINGS = YES;
				SWIFT_VERSION = 5.0;
				TARGETED_DEVICE_FAMILY = "1,2";
			};
			name = Debug;
		};
		B1D0BC9A27288B410089C05E /* Release */ = {
			isa = XCBuildConfiguration;
			buildSettings = {
				ASSETCATALOG_COMPILER_APPICON_NAME = AppIcon;
				ASSETCATALOG_COMPILER_GLOBAL_ACCENT_COLOR_NAME = AccentColor;
				CODE_SIGN_STYLE = Automatic;
				CURRENT_PROJECT_VERSION = 1;
				DEVELOPMENT_ASSET_PATHS = "\"Root4Florida/Preview Content\"";
				ENABLE_PREVIEWS = YES;
				GENERATE_INFOPLIST_FILE = YES;
				INFOPLIST_KEY_UIApplicationSceneManifest_Generation = YES;
				INFOPLIST_KEY_UIApplicationSupportsIndirectInputEvents = YES;
				INFOPLIST_KEY_UILaunchScreen_Generation = YES;
				INFOPLIST_KEY_UISupportedInterfaceOrientations_iPad = "UIInterfaceOrientationPortrait UIInterfaceOrientationPortraitUpsideDown UIInterfaceOrientationLandscapeLeft UIInterfaceOrientationLandscapeRight";
				INFOPLIST_KEY_UISupportedInterfaceOrientations_iPhone = "UIInterfaceOrientationPortrait UIInterfaceOrientationLandscapeLeft UIInterfaceOrientationLandscapeRight";
				LD_RUNPATH_SEARCH_PATHS = (
					"$(inherited)",
					"@executable_path/Frameworks",
				);
				MARKETING_VERSION = 1.0;
				PRODUCT_BUNDLE_IDENTIFIER = "-1250..Root4Florida";
				PRODUCT_NAME = "$(TARGET_NAME)";
				SWIFT_EMIT_LOC_STRINGS = YES;
				SWIFT_VERSION = 5.0;
				TARGETED_DEVICE_FAMILY = "1,2";
			};
			name = Release;
		};
		B1D0BC9C27288B410089C05E /* Debug */ = {
			isa = XCBuildConfiguration;
			buildSettings = {
				ALWAYS_EMBED_SWIFT_STANDARD_LIBRARIES = YES;
				BUNDLE_LOADER = "$(TEST_HOST)";
				CODE_SIGN_STYLE = Automatic;
				CURRENT_PROJECT_VERSION = 1;
				GENERATE_INFOPLIST_FILE = YES;
				IPHONEOS_DEPLOYMENT_TARGET = 15.0;
				LD_RUNPATH_SEARCH_PATHS = (
					"$(inherited)",
					"@executable_path/Frameworks",
					"@loader_path/Frameworks",
				);
				MARKETING_VERSION = 1.0;
				PRODUCT_BUNDLE_IDENTIFIER = "-1250..Root4FloridaTests";
				PRODUCT_NAME = "$(TARGET_NAME)";
				SWIFT_EMIT_LOC_STRINGS = NO;
				SWIFT_VERSION = 5.0;
				TARGETED_DEVICE_FAMILY = "1,2";
				TEST_HOST = "$(BUILT_PRODUCTS_DIR)/Root4Florida.app/Root4Florida";
			};
			name = Debug;
		};
		B1D0BC9D27288B410089C05E /* Release */ = {
			isa = XCBuildConfiguration;
			buildSettings = {
				ALWAYS_EMBED_SWIFT_STANDARD_LIBRARIES = YES;
				BUNDLE_LOADER = "$(TEST_HOST)";
				CODE_SIGN_STYLE = Automatic;
				CURRENT_PROJECT_VERSION = 1;
				GENERATE_INFOPLIST_FILE = YES;
				IPHONEOS_DEPLOYMENT_TARGET = 15.0;
				LD_RUNPATH_SEARCH_PATHS = (
					"$(inherited)",
					"@executable_path/Frameworks",
					"@loader_path/Frameworks",
				);
				MARKETING_VERSION = 1.0;
				PRODUCT_BUNDLE_IDENTIFIER = "-1250..Root4FloridaTests";
				PRODUCT_NAME = "$(TARGET_NAME)";
				SWIFT_EMIT_LOC_STRINGS = NO;
				SWIFT_VERSION = 5.0;
				TARGETED_DEVICE_FAMILY = "1,2";
				TEST_HOST = "$(BUILT_PRODUCTS_DIR)/Root4Florida.app/Root4Florida";
			};
			name = Release;
		};
		B1D0BC9F27288B410089C05E /* Debug */ = {
			isa = XCBuildConfiguration;
			buildSettings = {
				ALWAYS_EMBED_SWIFT_STANDARD_LIBRARIES = YES;
				CODE_SIGN_STYLE = Automatic;
				CURRENT_PROJECT_VERSION = 1;
				GENERATE_INFOPLIST_FILE = YES;
				LD_RUNPATH_SEARCH_PATHS = (
					"$(inherited)",
					"@executable_path/Frameworks",
					"@loader_path/Frameworks",
				);
				MARKETING_VERSION = 1.0;
				PRODUCT_BUNDLE_IDENTIFIER = "-1250..Root4FloridaUITests";
				PRODUCT_NAME = "$(TARGET_NAME)";
				SWIFT_EMIT_LOC_STRINGS = NO;
				SWIFT_VERSION = 5.0;
				TARGETED_DEVICE_FAMILY = "1,2";
				TEST_TARGET_NAME = Root4Florida;
			};
			name = Debug;
		};
		B1D0BCA027288B410089C05E /* Release */ = {
			isa = XCBuildConfiguration;
			buildSettings = {
				ALWAYS_EMBED_SWIFT_STANDARD_LIBRARIES = YES;
				CODE_SIGN_STYLE = Automatic;
				CURRENT_PROJECT_VERSION = 1;
				GENERATE_INFOPLIST_FILE = YES;
				LD_RUNPATH_SEARCH_PATHS = (
					"$(inherited)",
					"@executable_path/Frameworks",
					"@loader_path/Frameworks",
				);
				MARKETING_VERSION = 1.0;
				PRODUCT_BUNDLE_IDENTIFIER = "-1250..Root4FloridaUITests";
				PRODUCT_NAME = "$(TARGET_NAME)";
				SWIFT_EMIT_LOC_STRINGS = NO;
				SWIFT_VERSION = 5.0;
				TARGETED_DEVICE_FAMILY = "1,2";
				TEST_TARGET_NAME = Root4Florida;
			};
			name = Release;
		};
/* End XCBuildConfiguration section */

/* Begin XCConfigurationList section */
		B1D0BC6F27288B3F0089C05E /* Build configuration list for PBXProject "Root4Florida" */ = {
			isa = XCConfigurationList;
			buildConfigurations = (
				B1D0BC9627288B410089C05E /* Debug */,
				B1D0BC9727288B410089C05E /* Release */,
			);
			defaultConfigurationIsVisible = 0;
			defaultConfigurationName = Release;
		};
		B1D0BC9827288B410089C05E /* Build configuration list for PBXNativeTarget "Root4Florida" */ = {
			isa = XCConfigurationList;
			buildConfigurations = (
				B1D0BC9927288B410089C05E /* Debug */,
				B1D0BC9A27288B410089C05E /* Release */,
			);
			defaultConfigurationIsVisible = 0;
			defaultConfigurationName = Release;
		};
		B1D0BC9B27288B410089C05E /* Build configuration list for PBXNativeTarget "Root4FloridaTests" */ = {
			isa = XCConfigurationList;
			buildConfigurations = (
				B1D0BC9C27288B410089C05E /* Debug */,
				B1D0BC9D27288B410089C05E /* Release */,
			);
			defaultConfigurationIsVisible = 0;
			defaultConfigurationName = Release;
		};
		B1D0BC9E27288B410089C05E /* Build configuration list for PBXNativeTarget "Root4FloridaUITests" */ = {
			isa = XCConfigurationList;
			buildConfigurations = (
				B1D0BC9F27288B410089C05E /* Debug */,
				B1D0BCA027288B410089C05E /* Release */,
			);
			defaultConfigurationIsVisible = 0;
			defaultConfigurationName = Release;
		};
/* End XCConfigurationList section */
	};
	rootObject = B1D0BC6C27288B3F0089C05E /* Project object */;
}
